
Microsoft Visual Studio Solution File, Format Version 12.00
# Visual Studio Version 16
VisualStudioVersion = 16.0.31105.61
MinimumVisualStudioVersion = 10.0.40219.1
Project("{FAE04EC0-301F-11D3-BF4B-00C04F79EFBC}") = "ChallengeV1", "ChallengeV1\ChallengeV1.csproj", "{D6E3733C-D609-45D5-955F-8CB6BD8D810C}"
EndProject
Global
	GlobalSection(SolutionConfigurationPlatforms) = preSolution
		Debug|Any CPU = Debug|Any CPU
		Release|Any CPU = Release|Any CPU
	EndGlobalSection
	GlobalSection(ProjectConfigurationPlatforms) = postSolution
		{D6E3733C-D609-45D5-955F-8CB6BD8D810C}.Debug|Any CPU.ActiveCfg = Debug|Any CPU
		{D6E3733C-D609-45D5-955F-8CB6BD8D810C}.Debug|Any CPU.Build.0 = Debug|Any CPU
		{D6E3733C-D609-45D5-955F-8CB6BD8D810C}.Release|Any CPU.ActiveCfg = Release|Any CPU
		{D6E3733C-D609-45D5-955F-8CB6BD8D810C}.Release|Any CPU.Build.0 = Release|Any CPU
	EndGlobalSection
	GlobalSection(SolutionProperties) = preSolution
		HideSolutionNode = FALSE
	EndGlobalSection
	GlobalSection(ExtensibilityGlobals) = postSolution
		SolutionGuid = {CD2B09C3-C6EF-4232-AFD1-09353E667916}
	EndGlobalSection
EndGlobal
